
Microsoft Visual Studio Solution File, Format Version 12.00
# Visual Studio Version 16
VisualStudioVersion = 16.0.29806.167
MinimumVisualStudioVersion = 10.0.40219.1
Project("{FAE04EC0-301F-11D3-BF4B-00C04F79EFBC}") = "DaysOfTheWeek", "DaysOfTheWeek\DaysOfTheWeek.csproj", "{7AE7EF4B-9B6D-4C29-942D-B57635CAC7EB}"
EndProject
Global
	GlobalSection(SolutionConfigurationPlatforms) = preSolution
		Debug|Any CPU = Debug|Any CPU
		Release|Any CPU = Release|Any CPU
	EndGlobalSection
	GlobalSection(ProjectConfigurationPlatforms) = postSolution
		{7AE7EF4B-9B6D-4C29-942D-B57635CAC7EB}.Debug|Any CPU.ActiveCfg = Debug|Any CPU
		{7AE7EF4B-9B6D-4C29-942D-B57635CAC7EB}.Debug|Any CPU.Build.0 = Debug|Any CPU
		{7AE7EF4B-9B6D-4C29-942D-B57635CAC7EB}.Release|Any CPU.ActiveCfg = Release|Any CPU
		{7AE7EF4B-9B6D-4C29-942D-B57635CAC7EB}.Release|Any CPU.Build.0 = Release|Any CPU
	EndGlobalSection
	GlobalSection(SolutionProperties) = preSolution
		HideSolutionNode = FALSE
	EndGlobalSection
	GlobalSection(ExtensibilityGlobals) = postSolution
		SolutionGuid = {67994C80-F29B-4448-AB4A-6E774538C9B7}
	EndGlobalSection
EndGlobal
